
Microsoft Visual Studio Solution File, Format Version 12.00
# Visual Studio Version 16
VisualStudioVersion = 16.0.31515.178
MinimumVisualStudioVersion = 10.0.40219.1
Project("{2150E333-8FDC-42A3-9474-1A3956D46DE8}") = "Core", "Core", "{A4AEEE91-6C67-48B7-8C29-2FFB6F96B451}"
EndProject
Project("{FAE04EC0-301F-11D3-BF4B-00C04F79EFBC}") = "Chat.Domain", "Chat.Domain\Chat.Domain.csproj", "{6CAA9C15-53CA-427B-8655-FFE3CD966FF3}"
EndProject
Project("{FAE04EC0-301F-11D3-BF4B-00C04F79EFBC}") = "Chat.Application", "Chat.Application\Chat.Application.csproj", "{59BF7B2F-4932-4F6F-9A32-7695B3B15098}"
EndProject
Project("{2150E333-8FDC-42A3-9474-1A3956D46DE8}") = "Infrastructure", "Infrastructure", "{15BDA21B-895E-4706-A331-A947AB0EEE86}"
EndProject
Project("{2150E333-8FDC-42A3-9474-1A3956D46DE8}") = "Presentation", "Presentation", "{4A3D2FA4-23E4-4394-B8A6-531764CB345C}"
EndProject
Project("{FAE04EC0-301F-11D3-BF4B-00C04F79EFBC}") = "Chat.Database", "Chat.Database\Chat.Database.csproj", "{31801E01-FE77-4F7F-87C9-8A9345A69AD0}"
EndProject
Project("{9A19103F-16F7-4668-BE54-9A1E7A4F7556}") = "Chat.Api", "Chat.Api\Chat.Api.csproj", "{B6D5D197-B2EE-4092-8A48-1BC93B0CCDA6}"
EndProject
Project("{9A19103F-16F7-4668-BE54-9A1E7A4F7556}") = "Chat.Wpf", "Chat.Wpf\Chat.Wpf.csproj", "{F2013786-52E0-4CDF-A04D-A016B82AF12F}"
EndProject
Global
	GlobalSection(SolutionConfigurationPlatforms) = preSolution
		Debug|Any CPU = Debug|Any CPU
		Release|Any CPU = Release|Any CPU
	EndGlobalSection
	GlobalSection(ProjectConfigurationPlatforms) = postSolution
		{6CAA9C15-53CA-427B-8655-FFE3CD966FF3}.Debug|Any CPU.ActiveCfg = Debug|Any CPU
		{6CAA9C15-53CA-427B-8655-FFE3CD966FF3}.Debug|Any CPU.Build.0 = Debug|Any CPU
		{6CAA9C15-53CA-427B-8655-FFE3CD966FF3}.Release|Any CPU.ActiveCfg = Release|Any CPU
		{6CAA9C15-53CA-427B-8655-FFE3CD966FF3}.Release|Any CPU.Build.0 = Release|Any CPU
		{59BF7B2F-4932-4F6F-9A32-7695B3B15098}.Debug|Any CPU.ActiveCfg = Debug|Any CPU
		{59BF7B2F-4932-4F6F-9A32-7695B3B15098}.Debug|Any CPU.Build.0 = Debug|Any CPU
		{59BF7B2F-4932-4F6F-9A32-7695B3B15098}.Release|Any CPU.ActiveCfg = Release|Any CPU
		{59BF7B2F-4932-4F6F-9A32-7695B3B15098}.Release|Any CPU.Build.0 = Release|Any CPU
		{31801E01-FE77-4F7F-87C9-8A9345A69AD0}.Debug|Any CPU.ActiveCfg = Debug|Any CPU
		{31801E01-FE77-4F7F-87C9-8A9345A69AD0}.Debug|Any CPU.Build.0 = Debug|Any CPU
		{31801E01-FE77-4F7F-87C9-8A9345A69AD0}.Release|Any CPU.ActiveCfg = Release|Any CPU
		{31801E01-FE77-4F7F-87C9-8A9345A69AD0}.Release|Any CPU.Build.0 = Release|Any CPU
		{B6D5D197-B2EE-4092-8A48-1BC93B0CCDA6}.Debug|Any CPU.ActiveCfg = Debug|Any CPU
		{B6D5D197-B2EE-4092-8A48-1BC93B0CCDA6}.Debug|Any CPU.Build.0 = Debug|Any CPU
		{B6D5D197-B2EE-4092-8A48-1BC93B0CCDA6}.Release|Any CPU.ActiveCfg = Release|Any CPU
		{B6D5D197-B2EE-4092-8A48-1BC93B0CCDA6}.Release|Any CPU.Build.0 = Release|Any CPU
		{F2013786-52E0-4CDF-A04D-A016B82AF12F}.Debug|Any CPU.ActiveCfg = Debug|Any CPU
		{F2013786-52E0-4CDF-A04D-A016B82AF12F}.Debug|Any CPU.Build.0 = Debug|Any CPU
		{F2013786-52E0-4CDF-A04D-A016B82AF12F}.Release|Any CPU.ActiveCfg = Release|Any CPU
		{F2013786-52E0-4CDF-A04D-A016B82AF12F}.Release|Any CPU.Build.0 = Release|Any CPU
	EndGlobalSection
	GlobalSection(SolutionProperties) = preSolution
		HideSolutionNode = FALSE
	EndGlobalSection
	GlobalSection(NestedProjects) = preSolution
		{6CAA9C15-53CA-427B-8655-FFE3CD966FF3} = {A4AEEE91-6C67-48B7-8C29-2FFB6F96B451}
		{59BF7B2F-4932-4F6F-9A32-7695B3B15098} = {A4AEEE91-6C67-48B7-8C29-2FFB6F96B451}
		{31801E01-FE77-4F7F-87C9-8A9345A69AD0} = {15BDA21B-895E-4706-A331-A947AB0EEE86}
		{B6D5D197-B2EE-4092-8A48-1BC93B0CCDA6} = {4A3D2FA4-23E4-4394-B8A6-531764CB345C}
		{F2013786-52E0-4CDF-A04D-A016B82AF12F} = {4A3D2FA4-23E4-4394-B8A6-531764CB345C}
	EndGlobalSection
	GlobalSection(ExtensibilityGlobals) = postSolution
		SolutionGuid = {D7F6F759-40B6-46E7-9190-60222EF8D401}
	EndGlobalSection
EndGlobal
