
Microsoft Visual Studio Solution File, Format Version 12.00
# Visual Studio Version 16
VisualStudioVersion = 16.0.31515.178
MinimumVisualStudioVersion = 10.0.40219.1
Project("{2150E333-8FDC-42A3-9474-1A3956D46DE8}") = "Core", "Core", "{A4AEEE91-6C67-48B7-8C29-2FFB6F96B451}"
EndProject
Project("{2150E333-8FDC-42A3-9474-1A3956D46DE8}") = "Infrastructure", "Infrastructure", "{15BDA21B-895E-4706-A331-A947AB0EEE86}"
EndProject
Project("{2150E333-8FDC-42A3-9474-1A3956D46DE8}") = "Presentation", "Presentation", "{4A3D2FA4-23E4-4394-B8A6-531764CB345C}"
EndProject
Project("{9A19103F-16F7-4668-BE54-9A1E7A4F7556}") = "Chat.Application", "Core\Chat.Application\Chat.Application.csproj", "{639AC9E5-2B1F-4445-8E31-01BB9031958F}"
EndProject
Project("{9A19103F-16F7-4668-BE54-9A1E7A4F7556}") = "Chat.Domain", "Core\Chat.Domain\Chat.Domain.csproj", "{D5976EB9-57A5-4B1E-A113-70997C58FF34}"
EndProject
Project("{9A19103F-16F7-4668-BE54-9A1E7A4F7556}") = "Chat.Database", "Infrastructure\Chat.Database\Chat.Database.csproj", "{5100659D-E0C4-40BB-8149-F173B8A4B8CF}"
EndProject
Project("{9A19103F-16F7-4668-BE54-9A1E7A4F7556}") = "Chat.Api", "Presentation\Chat.Api\Chat.Api.csproj", "{800CF4CF-797D-4CDF-9AC1-5FEC586321BD}"
EndProject
Project("{9A19103F-16F7-4668-BE54-9A1E7A4F7556}") = "Chat.Wpf", "Presentation\Chat.Wpf\Chat.Wpf.csproj", "{AC590F46-7CA9-47B7-9A62-C22A2C55868B}"
EndProject
Global
	GlobalSection(SolutionConfigurationPlatforms) = preSolution
		Debug|Any CPU = Debug|Any CPU
		Release|Any CPU = Release|Any CPU
	EndGlobalSection
	GlobalSection(ProjectConfigurationPlatforms) = postSolution
		{639AC9E5-2B1F-4445-8E31-01BB9031958F}.Debug|Any CPU.ActiveCfg = Debug|Any CPU
		{639AC9E5-2B1F-4445-8E31-01BB9031958F}.Debug|Any CPU.Build.0 = Debug|Any CPU
		{639AC9E5-2B1F-4445-8E31-01BB9031958F}.Release|Any CPU.ActiveCfg = Release|Any CPU
		{639AC9E5-2B1F-4445-8E31-01BB9031958F}.Release|Any CPU.Build.0 = Release|Any CPU
		{D5976EB9-57A5-4B1E-A113-70997C58FF34}.Debug|Any CPU.ActiveCfg = Debug|Any CPU
		{D5976EB9-57A5-4B1E-A113-70997C58FF34}.Debug|Any CPU.Build.0 = Debug|Any CPU
		{D5976EB9-57A5-4B1E-A113-70997C58FF34}.Release|Any CPU.ActiveCfg = Release|Any CPU
		{D5976EB9-57A5-4B1E-A113-70997C58FF34}.Release|Any CPU.Build.0 = Release|Any CPU
		{5100659D-E0C4-40BB-8149-F173B8A4B8CF}.Debug|Any CPU.ActiveCfg = Debug|Any CPU
		{5100659D-E0C4-40BB-8149-F173B8A4B8CF}.Debug|Any CPU.Build.0 = Debug|Any CPU
		{5100659D-E0C4-40BB-8149-F173B8A4B8CF}.Release|Any CPU.ActiveCfg = Release|Any CPU
		{5100659D-E0C4-40BB-8149-F173B8A4B8CF}.Release|Any CPU.Build.0 = Release|Any CPU
		{800CF4CF-797D-4CDF-9AC1-5FEC586321BD}.Debug|Any CPU.ActiveCfg = Debug|Any CPU
		{800CF4CF-797D-4CDF-9AC1-5FEC586321BD}.Debug|Any CPU.Build.0 = Debug|Any CPU
		{800CF4CF-797D-4CDF-9AC1-5FEC586321BD}.Release|Any CPU.ActiveCfg = Release|Any CPU
		{800CF4CF-797D-4CDF-9AC1-5FEC586321BD}.Release|Any CPU.Build.0 = Release|Any CPU
		{AC590F46-7CA9-47B7-9A62-C22A2C55868B}.Debug|Any CPU.ActiveCfg = Debug|Any CPU
		{AC590F46-7CA9-47B7-9A62-C22A2C55868B}.Debug|Any CPU.Build.0 = Debug|Any CPU
		{AC590F46-7CA9-47B7-9A62-C22A2C55868B}.Release|Any CPU.ActiveCfg = Release|Any CPU
		{AC590F46-7CA9-47B7-9A62-C22A2C55868B}.Release|Any CPU.Build.0 = Release|Any CPU
	EndGlobalSection
	GlobalSection(SolutionProperties) = preSolution
		HideSolutionNode = FALSE
	EndGlobalSection
	GlobalSection(NestedProjects) = preSolution
		{639AC9E5-2B1F-4445-8E31-01BB9031958F} = {A4AEEE91-6C67-48B7-8C29-2FFB6F96B451}
		{D5976EB9-57A5-4B1E-A113-70997C58FF34} = {A4AEEE91-6C67-48B7-8C29-2FFB6F96B451}
		{5100659D-E0C4-40BB-8149-F173B8A4B8CF} = {15BDA21B-895E-4706-A331-A947AB0EEE86}
		{800CF4CF-797D-4CDF-9AC1-5FEC586321BD} = {4A3D2FA4-23E4-4394-B8A6-531764CB345C}
		{AC590F46-7CA9-47B7-9A62-C22A2C55868B} = {4A3D2FA4-23E4-4394-B8A6-531764CB345C}
	EndGlobalSection
	GlobalSection(ExtensibilityGlobals) = postSolution
		SolutionGuid = {D7F6F759-40B6-46E7-9190-60222EF8D401}
	EndGlobalSection
EndGlobal
